
Microsoft Visual Studio Solution File, Format Version 12.00
# Visual Studio Version 17
VisualStudioVersion = 17.5.33516.290
MinimumVisualStudioVersion = 10.0.40219.1
Project("{FAE04EC0-301F-11D3-BF4B-00C04F79EFBC}") = "MusicPlayerClient", "MusicPlayerClient.csproj", "{BBB9D40E-356A-4AE9-8EF6-32531AEFBA40}"
EndProject
Global
	GlobalSection(SolutionConfigurationPlatforms) = preSolution
		Debug|Any CPU = Debug|Any CPU
		Release|Any CPU = Release|Any CPU
	EndGlobalSection
	GlobalSection(ProjectConfigurationPlatforms) = postSolution
		{BBB9D40E-356A-4AE9-8EF6-32531AEFBA40}.Debug|Any CPU.ActiveCfg = Debug|Any CPU
		{BBB9D40E-356A-4AE9-8EF6-32531AEFBA40}.Debug|Any CPU.Build.0 = Debug|Any CPU
		{BBB9D40E-356A-4AE9-8EF6-32531AEFBA40}.Release|Any CPU.ActiveCfg = Release|Any CPU
		{BBB9D40E-356A-4AE9-8EF6-32531AEFBA40}.Release|Any CPU.Build.0 = Release|Any CPU
	EndGlobalSection
	GlobalSection(SolutionProperties) = preSolution
		HideSolutionNode = FALSE
	EndGlobalSection
	GlobalSection(ExtensibilityGlobals) = postSolution
		SolutionGuid = {4931AE21-C150-47FC-A47E-211DE3AA6396}
	EndGlobalSection
EndGlobal
